
Microsoft Visual Studio Solution File, Format Version 12.00
# Visual Studio Version 16
VisualStudioVersion = 16.0.31105.61
MinimumVisualStudioVersion = 10.0.40219.1
Project("{8BC9CEB8-8B4A-11D0-8D11-00A0C91BC942}") = "lab 1.5", "lab 1.5\lab 1.5.vcxproj", "{456C8878-E2D1-415C-94EB-576732D8345A}"
EndProject
Project("{8BC9CEB8-8B4A-11D0-8D11-00A0C91BC942}") = "UnitTest3", "UnitTest3\UnitTest3.vcxproj", "{DD82F23D-6F48-4BE2-8B58-70773455D620}"
EndProject
Global
	GlobalSection(SolutionConfigurationPlatforms) = preSolution
		Debug|x64 = Debug|x64
		Debug|x86 = Debug|x86
		Release|x64 = Release|x64
		Release|x86 = Release|x86
	EndGlobalSection
	GlobalSection(ProjectConfigurationPlatforms) = postSolution
		{456C8878-E2D1-415C-94EB-576732D8345A}.Debug|x64.ActiveCfg = Debug|x64
		{456C8878-E2D1-415C-94EB-576732D8345A}.Debug|x64.Build.0 = Debug|x64
		{456C8878-E2D1-415C-94EB-576732D8345A}.Debug|x86.ActiveCfg = Debug|Win32
		{456C8878-E2D1-415C-94EB-576732D8345A}.Debug|x86.Build.0 = Debug|Win32
		{456C8878-E2D1-415C-94EB-576732D8345A}.Release|x64.ActiveCfg = Release|x64
		{456C8878-E2D1-415C-94EB-576732D8345A}.Release|x64.Build.0 = Release|x64
		{456C8878-E2D1-415C-94EB-576732D8345A}.Release|x86.ActiveCfg = Release|Win32
		{456C8878-E2D1-415C-94EB-576732D8345A}.Release|x86.Build.0 = Release|Win32
		{DD82F23D-6F48-4BE2-8B58-70773455D620}.Debug|x64.ActiveCfg = Debug|x64
		{DD82F23D-6F48-4BE2-8B58-70773455D620}.Debug|x64.Build.0 = Debug|x64
		{DD82F23D-6F48-4BE2-8B58-70773455D620}.Debug|x86.ActiveCfg = Debug|Win32
		{DD82F23D-6F48-4BE2-8B58-70773455D620}.Debug|x86.Build.0 = Debug|Win32
		{DD82F23D-6F48-4BE2-8B58-70773455D620}.Release|x64.ActiveCfg = Release|x64
		{DD82F23D-6F48-4BE2-8B58-70773455D620}.Release|x64.Build.0 = Release|x64
		{DD82F23D-6F48-4BE2-8B58-70773455D620}.Release|x86.ActiveCfg = Release|Win32
		{DD82F23D-6F48-4BE2-8B58-70773455D620}.Release|x86.Build.0 = Release|Win32
	EndGlobalSection
	GlobalSection(SolutionProperties) = preSolution
		HideSolutionNode = FALSE
	EndGlobalSection
	GlobalSection(ExtensibilityGlobals) = postSolution
		SolutionGuid = {26ABA987-4748-4DF0-B1C6-1C24847662B2}
	EndGlobalSection
EndGlobal
